
Microsoft Visual Studio Solution File, Format Version 12.00
# Visual Studio Version 17
VisualStudioVersion = 17.5.33516.290
MinimumVisualStudioVersion = 10.0.40219.1
Project("{FAE04EC0-301F-11D3-BF4B-00C04F79EFBC}") = "SuggestionAppUI", "SuggestionAppUI\SuggestionAppUI.csproj", "{E432D78D-7072-4C0C-A8CB-1C04CCDFE48B}"
EndProject
Project("{FAE04EC0-301F-11D3-BF4B-00C04F79EFBC}") = "SuggestionLibrary", "SuggestionLibrary\SuggestionLibrary.csproj", "{0C9DC152-602E-4FA9-BC2D-DF92F2C43CA8}"
EndProject
Project("{2150E333-8FDC-42A3-9474-1A3956D46DE8}") = "Solution Items", "Solution Items", "{9F621B21-951A-4514-8D20-DD082EAAE962}"
EndProject
Global
	GlobalSection(SolutionConfigurationPlatforms) = preSolution
		Debug|Any CPU = Debug|Any CPU
		Release|Any CPU = Release|Any CPU
	EndGlobalSection
	GlobalSection(ProjectConfigurationPlatforms) = postSolution
		{E432D78D-7072-4C0C-A8CB-1C04CCDFE48B}.Debug|Any CPU.ActiveCfg = Debug|Any CPU
		{E432D78D-7072-4C0C-A8CB-1C04CCDFE48B}.Debug|Any CPU.Build.0 = Debug|Any CPU
		{E432D78D-7072-4C0C-A8CB-1C04CCDFE48B}.Release|Any CPU.ActiveCfg = Release|Any CPU
		{E432D78D-7072-4C0C-A8CB-1C04CCDFE48B}.Release|Any CPU.Build.0 = Release|Any CPU
		{0C9DC152-602E-4FA9-BC2D-DF92F2C43CA8}.Debug|Any CPU.ActiveCfg = Debug|Any CPU
		{0C9DC152-602E-4FA9-BC2D-DF92F2C43CA8}.Debug|Any CPU.Build.0 = Debug|Any CPU
		{0C9DC152-602E-4FA9-BC2D-DF92F2C43CA8}.Release|Any CPU.ActiveCfg = Release|Any CPU
		{0C9DC152-602E-4FA9-BC2D-DF92F2C43CA8}.Release|Any CPU.Build.0 = Release|Any CPU
	EndGlobalSection
	GlobalSection(SolutionProperties) = preSolution
		HideSolutionNode = FALSE
	EndGlobalSection
	GlobalSection(ExtensibilityGlobals) = postSolution
		SolutionGuid = {CED16108-A3DF-4319-8C3A-4A5FD8E7011E}
	EndGlobalSection
EndGlobal
